
Microsoft Visual Studio Solution File, Format Version 12.00
# Visual Studio 15
VisualStudioVersion = 15.0.27703.2000
MinimumVisualStudioVersion = 10.0.40219.1
Project("{FAE04EC0-301F-11D3-BF4B-00C04F79EFBC}") = "Trello.Data", "Trello.Data\Trello.Data.csproj", "{1BC9FBCB-8DB0-4CA9-ACCE-33B0BEFEC779}"
EndProject
Project("{FAE04EC0-301F-11D3-BF4B-00C04F79EFBC}") = "Trello.Site", "Trello.Site\Trello.Site.csproj", "{05929D22-556A-4709-BE9B-B3AA0ABB6B35}"
EndProject
Global
	GlobalSection(SolutionConfigurationPlatforms) = preSolution
		Debug|Any CPU = Debug|Any CPU
		Release|Any CPU = Release|Any CPU
	EndGlobalSection
	GlobalSection(ProjectConfigurationPlatforms) = postSolution
		{1BC9FBCB-8DB0-4CA9-ACCE-33B0BEFEC779}.Debug|Any CPU.ActiveCfg = Debug|Any CPU
		{1BC9FBCB-8DB0-4CA9-ACCE-33B0BEFEC779}.Debug|Any CPU.Build.0 = Debug|Any CPU
		{1BC9FBCB-8DB0-4CA9-ACCE-33B0BEFEC779}.Release|Any CPU.ActiveCfg = Release|Any CPU
		{1BC9FBCB-8DB0-4CA9-ACCE-33B0BEFEC779}.Release|Any CPU.Build.0 = Release|Any CPU
		{05929D22-556A-4709-BE9B-B3AA0ABB6B35}.Debug|Any CPU.ActiveCfg = Debug|Any CPU
		{05929D22-556A-4709-BE9B-B3AA0ABB6B35}.Debug|Any CPU.Build.0 = Debug|Any CPU
		{05929D22-556A-4709-BE9B-B3AA0ABB6B35}.Release|Any CPU.ActiveCfg = Release|Any CPU
		{05929D22-556A-4709-BE9B-B3AA0ABB6B35}.Release|Any CPU.Build.0 = Release|Any CPU
	EndGlobalSection
	GlobalSection(SolutionProperties) = preSolution
		HideSolutionNode = FALSE
	EndGlobalSection
	GlobalSection(ExtensibilityGlobals) = postSolution
		SolutionGuid = {47B767DC-6D72-45F0-B344-A02986777824}
	EndGlobalSection
EndGlobal
